# Generated by buf. DO NOT EDIT.
version: v1
deps:
  - remote: buf.build
    owner: cosmos
    repository: cosmos-proto
    commit: 1935555c206d4afb9e94615dfd0fad31
    digest: shake256:c74d91a3ac7ae07d579e90eee33abf9b29664047ac8816500cf22c081fec0d72d62c89ce0bebafc1f6fec7aa5315be72606717740ca95007248425102c365377
  - remote: buf.build
    owner: cosmos
    repository: cosmos-sdk
    commit: aa25660f4ff746388669ce36b3778442
    digest: shake256:a20eb29eb7284d9d0b76e94324a6e24e3665d13682bed0d5beac647d7109b7b2f22080301276779a91f394c97dab334da36dfc01d4252d9f869b090bfc8248aa
  - remote: buf.build
    owner: cosmos
    repository: gogo-proto
    commit: 34d970b699f84aa382f3c29773a60836
    digest: shake256:3d3bee5229ba579e7d19ffe6e140986a228b48a8c7fe74348f308537ab95e9135210e81812489d42cd8941d33ff71f11583174ccc5972e86e6112924b6ce9f04
  - remote: buf.build
    owner: cosmos
    repository: ibc
    commit: 062da0f6d2604ac9ab7ae9217e813c61
    digest: shake256:d7955ede541fe19cfab9b43550fd5496795de08115208f74a7f82895a7d00d4f30db0d98988f5f851089264ba924f411e2e3b8ed55469cb2b8df4feb451598d3
  - remote: buf.build
    owner: cosmos
    repository: ics23
    commit: 3c44d8daa8b44059ac744cd17d4a49d7
  - remote: buf.build
    owner: googleapis
    repository: googleapis
    commit: 75b4300737fb4efca0831636be94e517
  - remote: buf.build
    owner: protocolbuffers
    repository: wellknowntypes
    commit: 44e83bc050a4497fa7b36b34d95ca156
